
Microsoft Visual Studio Solution File, Format Version 12.00
# Visual Studio 15
VisualStudioVersion = 15.0.26127.3
MinimumVisualStudioVersion = 10.0.40219.1
Project("{2150E333-8FDC-42A3-9474-1A3956D46DE8}") = "src", "src", "{E163E931-AFE5-4DDC-87C5-57D442321B00}"
EndProject
Project("{2150E333-8FDC-42A3-9474-1A3956D46DE8}") = "Solution Items", "Solution Items", "{6D6BEE7A-34F5-41C3-8475-199F2FFDFA34}"
	ProjectSection(SolutionItems) = preProject
		global.json = global.json
	EndProjectSection
EndProject
Project("{9A19103F-16F7-4668-BE54-9A1E7A4F7556}") = "Enforcer5", "src\Enforcer5\Enforcer5.csproj", "{17D393C5-0071-477C-9744-5AC598E17ED3}"
EndProject
Global
	GlobalSection(SolutionConfigurationPlatforms) = preSolution
		Beta|Any CPU = Beta|Any CPU
		Beta|x64 = Beta|x64
		Debug|Any CPU = Debug|Any CPU
		Debug|x64 = Debug|x64
		Release|Any CPU = Release|Any CPU
		Release|x64 = Release|x64
	EndGlobalSection
	GlobalSection(ProjectConfigurationPlatforms) = postSolution
		{17D393C5-0071-477C-9744-5AC598E17ED3}.Beta|Any CPU.ActiveCfg = Debug|Any CPU
		{17D393C5-0071-477C-9744-5AC598E17ED3}.Beta|Any CPU.Build.0 = Debug|Any CPU
		{17D393C5-0071-477C-9744-5AC598E17ED3}.Beta|x64.ActiveCfg = Release|Any CPU
		{17D393C5-0071-477C-9744-5AC598E17ED3}.Beta|x64.Build.0 = Release|Any CPU
		{17D393C5-0071-477C-9744-5AC598E17ED3}.Debug|Any CPU.ActiveCfg = Debug|Any CPU
		{17D393C5-0071-477C-9744-5AC598E17ED3}.Debug|Any CPU.Build.0 = Debug|Any CPU
		{17D393C5-0071-477C-9744-5AC598E17ED3}.Debug|x64.ActiveCfg = Debug|Any CPU
		{17D393C5-0071-477C-9744-5AC598E17ED3}.Debug|x64.Build.0 = Debug|Any CPU
		{17D393C5-0071-477C-9744-5AC598E17ED3}.Release|Any CPU.ActiveCfg = Release|Any CPU
		{17D393C5-0071-477C-9744-5AC598E17ED3}.Release|Any CPU.Build.0 = Release|Any CPU
		{17D393C5-0071-477C-9744-5AC598E17ED3}.Release|x64.ActiveCfg = Release|Any CPU
		{17D393C5-0071-477C-9744-5AC598E17ED3}.Release|x64.Build.0 = Release|Any CPU
	EndGlobalSection
	GlobalSection(SolutionProperties) = preSolution
		HideSolutionNode = FALSE
	EndGlobalSection
	GlobalSection(NestedProjects) = preSolution
		{17D393C5-0071-477C-9744-5AC598E17ED3} = {E163E931-AFE5-4DDC-87C5-57D442321B00}
	EndGlobalSection
EndGlobal
